{
  "nodes": {
    "home-manager": {
      "inputs": {
        "nixpkgs": [
          "nixpkgs"
        ]
      },
      "locked": {
        "lastModified": 1720042825,
        "narHash": "sha256-A0vrUB6x82/jvf17qPCpxaM+ulJnD8YZwH9Ci0BsAzE=",
        "owner": "nix-community",
        "repo": "home-manager",
        "rev": "e1391fb22e18a36f57e6999c7a9f966dc80ac073",
        "type": "github"
      },
      "original": {
        "owner": "nix-community",
        "ref": "release-24.05",
        "repo": "home-manager",
        "type": "github"
      }
    },
    "my-repo": {
      "inputs": {
        "nixpkgs": [
          "nixpkgs"
        ]
      },
      "locked": {
        "lastModified": 1722221465,
        "narHash": "sha256-gFBku4fFmNzuKdiTkNrdHBlObiJgAwYEaq+aszzKsko=",
        "owner": "heng30",
        "repo": "nixos-pkgs",
        "rev": "98a94edb430e7eee2a2280927e0206137edf9c94",
        "type": "github"
      },
      "original": {
        "owner": "heng30",
        "repo": "nixos-pkgs",
        "type": "github"
      }
    },
    "nixpkgs": {
      "locked": {
        "lastModified": 1722087241,
        "narHash": "sha256-2ShmEaFi0kJVOEEu5gmlykN5dwjWYWYUJmlRTvZQRpU=",
        "owner": "NixOS",
        "repo": "nixpkgs",
        "rev": "8c50662509100d53229d4be607f1a3a31157fa12",
        "type": "github"
      },
      "original": {
        "owner": "NixOS",
        "ref": "nixos-24.05",
        "repo": "nixpkgs",
        "type": "github"
      }
    },
    "root": {
      "inputs": {
        "home-manager": "home-manager",
        "my-repo": "my-repo",
        "nixpkgs": "nixpkgs"
      }
    }
  },
  "root": "root",
  "version": 7
}
